
Microsoft Visual Studio Solution File, Format Version 12.00
# Visual Studio Version 16
VisualStudioVersion = 16.0.30503.244
MinimumVisualStudioVersion = 10.0.40219.1
Project("{FAE04EC0-301F-11D3-BF4B-00C04F79EFBC}") = "StaticClasses", "StaticClasses\StaticClasses.csproj", "{561C1E33-5B2A-49E0-A0C4-9FA659337727}"
EndProject
Global
	GlobalSection(SolutionConfigurationPlatforms) = preSolution
		Debug|Any CPU = Debug|Any CPU
		Release|Any CPU = Release|Any CPU
	EndGlobalSection
	GlobalSection(ProjectConfigurationPlatforms) = postSolution
		{561C1E33-5B2A-49E0-A0C4-9FA659337727}.Debug|Any CPU.ActiveCfg = Debug|Any CPU
		{561C1E33-5B2A-49E0-A0C4-9FA659337727}.Debug|Any CPU.Build.0 = Debug|Any CPU
		{561C1E33-5B2A-49E0-A0C4-9FA659337727}.Release|Any CPU.ActiveCfg = Release|Any CPU
		{561C1E33-5B2A-49E0-A0C4-9FA659337727}.Release|Any CPU.Build.0 = Release|Any CPU
	EndGlobalSection
	GlobalSection(SolutionProperties) = preSolution
		HideSolutionNode = FALSE
	EndGlobalSection
	GlobalSection(ExtensibilityGlobals) = postSolution
		SolutionGuid = {8B312B93-5E88-458B-8E71-F7FAE4370D27}
	EndGlobalSection
EndGlobal
