
Microsoft Visual Studio Solution File, Format Version 12.00
# Visual Studio Version 16
VisualStudioVersion = 16.0.30717.126
MinimumVisualStudioVersion = 10.0.40219.1
Project("{FAE04EC0-301F-11D3-BF4B-00C04F79EFBC}") = "DelegatesExercise", "DelegatesExercise\DelegatesExercise.csproj", "{15423D11-1FF5-4CE1-844F-460D534AAF54}"
EndProject
Global
	GlobalSection(SolutionConfigurationPlatforms) = preSolution
		Debug|Any CPU = Debug|Any CPU
		Release|Any CPU = Release|Any CPU
	EndGlobalSection
	GlobalSection(ProjectConfigurationPlatforms) = postSolution
		{15423D11-1FF5-4CE1-844F-460D534AAF54}.Debug|Any CPU.ActiveCfg = Debug|Any CPU
		{15423D11-1FF5-4CE1-844F-460D534AAF54}.Debug|Any CPU.Build.0 = Debug|Any CPU
		{15423D11-1FF5-4CE1-844F-460D534AAF54}.Release|Any CPU.ActiveCfg = Release|Any CPU
		{15423D11-1FF5-4CE1-844F-460D534AAF54}.Release|Any CPU.Build.0 = Release|Any CPU
	EndGlobalSection
	GlobalSection(SolutionProperties) = preSolution
		HideSolutionNode = FALSE
	EndGlobalSection
	GlobalSection(ExtensibilityGlobals) = postSolution
		SolutionGuid = {F3DE79D8-BC66-4694-96DA-5504CAC111BB}
	EndGlobalSection
EndGlobal
