
Microsoft Visual Studio Solution File, Format Version 12.00
# Visual Studio Version 16
VisualStudioVersion = 16.0.30503.244
MinimumVisualStudioVersion = 10.0.40219.1
Project("{FAE04EC0-301F-11D3-BF4B-00C04F79EFBC}") = "OverloadedMethodsExercise", "OverloadedMethodsExercise\OverloadedMethodsExercise.csproj", "{38954ADA-AFD0-4E55-AE67-E6224B62BA1A}"
EndProject
Global
	GlobalSection(SolutionConfigurationPlatforms) = preSolution
		Debug|Any CPU = Debug|Any CPU
		Release|Any CPU = Release|Any CPU
	EndGlobalSection
	GlobalSection(ProjectConfigurationPlatforms) = postSolution
		{38954ADA-AFD0-4E55-AE67-E6224B62BA1A}.Debug|Any CPU.ActiveCfg = Debug|Any CPU
		{38954ADA-AFD0-4E55-AE67-E6224B62BA1A}.Debug|Any CPU.Build.0 = Debug|Any CPU
		{38954ADA-AFD0-4E55-AE67-E6224B62BA1A}.Release|Any CPU.ActiveCfg = Release|Any CPU
		{38954ADA-AFD0-4E55-AE67-E6224B62BA1A}.Release|Any CPU.Build.0 = Release|Any CPU
	EndGlobalSection
	GlobalSection(SolutionProperties) = preSolution
		HideSolutionNode = FALSE
	EndGlobalSection
	GlobalSection(ExtensibilityGlobals) = postSolution
		SolutionGuid = {6D23AD45-1967-4FC6-BF17-5BAEC5A99BB6}
	EndGlobalSection
EndGlobal
