
Microsoft Visual Studio Solution File, Format Version 12.00
# Visual Studio Version 16
VisualStudioVersion = 16.0.30503.244
MinimumVisualStudioVersion = 10.0.40219.1
Project("{FAE04EC0-301F-11D3-BF4B-00C04F79EFBC}") = "StringManipulationPart2", "StringManipulationPart2\StringManipulationPart2.csproj", "{BF5CBEEE-A3CB-4D43-8A7A-0CC8578BD6EA}"
EndProject
Global
	GlobalSection(SolutionConfigurationPlatforms) = preSolution
		Debug|Any CPU = Debug|Any CPU
		Release|Any CPU = Release|Any CPU
	EndGlobalSection
	GlobalSection(ProjectConfigurationPlatforms) = postSolution
		{BF5CBEEE-A3CB-4D43-8A7A-0CC8578BD6EA}.Debug|Any CPU.ActiveCfg = Debug|Any CPU
		{BF5CBEEE-A3CB-4D43-8A7A-0CC8578BD6EA}.Debug|Any CPU.Build.0 = Debug|Any CPU
		{BF5CBEEE-A3CB-4D43-8A7A-0CC8578BD6EA}.Release|Any CPU.ActiveCfg = Release|Any CPU
		{BF5CBEEE-A3CB-4D43-8A7A-0CC8578BD6EA}.Release|Any CPU.Build.0 = Release|Any CPU
	EndGlobalSection
	GlobalSection(SolutionProperties) = preSolution
		HideSolutionNode = FALSE
	EndGlobalSection
	GlobalSection(ExtensibilityGlobals) = postSolution
		SolutionGuid = {DC18F894-6F54-48D1-8814-3C0A1EBBD719}
	EndGlobalSection
EndGlobal
