
Microsoft Visual Studio Solution File, Format Version 12.00
# Visual Studio Version 16
VisualStudioVersion = 16.0.30503.244
MinimumVisualStudioVersion = 10.0.40219.1
Project("{FAE04EC0-301F-11D3-BF4B-00C04F79EFBC}") = "RandomNumbers", "RandomNumbers\RandomNumbers.csproj", "{1196A3FB-8EAC-42FE-88DE-25F8D5DAE677}"
EndProject
Global
	GlobalSection(SolutionConfigurationPlatforms) = preSolution
		Debug|Any CPU = Debug|Any CPU
		Release|Any CPU = Release|Any CPU
	EndGlobalSection
	GlobalSection(ProjectConfigurationPlatforms) = postSolution
		{1196A3FB-8EAC-42FE-88DE-25F8D5DAE677}.Debug|Any CPU.ActiveCfg = Debug|Any CPU
		{1196A3FB-8EAC-42FE-88DE-25F8D5DAE677}.Debug|Any CPU.Build.0 = Debug|Any CPU
		{1196A3FB-8EAC-42FE-88DE-25F8D5DAE677}.Release|Any CPU.ActiveCfg = Release|Any CPU
		{1196A3FB-8EAC-42FE-88DE-25F8D5DAE677}.Release|Any CPU.Build.0 = Release|Any CPU
	EndGlobalSection
	GlobalSection(SolutionProperties) = preSolution
		HideSolutionNode = FALSE
	EndGlobalSection
	GlobalSection(ExtensibilityGlobals) = postSolution
		SolutionGuid = {C3B37046-EB29-4AB8-80C0-62466E05E93A}
	EndGlobalSection
EndGlobal
