
Microsoft Visual Studio Solution File, Format Version 12.00
# Visual Studio Version 16
VisualStudioVersion = 16.0.30503.244
MinimumVisualStudioVersion = 10.0.40219.1
Project("{FAE04EC0-301F-11D3-BF4B-00C04F79EFBC}") = "ExceptionHandling", "ExceptionHandling\ExceptionHandling.csproj", "{90FC3C00-D126-46EB-86D1-224C3777E3C3}"
EndProject
Global
	GlobalSection(SolutionConfigurationPlatforms) = preSolution
		Debug|Any CPU = Debug|Any CPU
		Release|Any CPU = Release|Any CPU
	EndGlobalSection
	GlobalSection(ProjectConfigurationPlatforms) = postSolution
		{90FC3C00-D126-46EB-86D1-224C3777E3C3}.Debug|Any CPU.ActiveCfg = Debug|Any CPU
		{90FC3C00-D126-46EB-86D1-224C3777E3C3}.Debug|Any CPU.Build.0 = Debug|Any CPU
		{90FC3C00-D126-46EB-86D1-224C3777E3C3}.Release|Any CPU.ActiveCfg = Release|Any CPU
		{90FC3C00-D126-46EB-86D1-224C3777E3C3}.Release|Any CPU.Build.0 = Release|Any CPU
	EndGlobalSection
	GlobalSection(SolutionProperties) = preSolution
		HideSolutionNode = FALSE
	EndGlobalSection
	GlobalSection(ExtensibilityGlobals) = postSolution
		SolutionGuid = {FE257B6F-C584-4707-8A5C-6A470AA27E58}
	EndGlobalSection
EndGlobal
