
Microsoft Visual Studio Solution File, Format Version 12.00
# Visual Studio Version 16
VisualStudioVersion = 16.0.30503.244
MinimumVisualStudioVersion = 10.0.40219.1
Project("{FAE04EC0-301F-11D3-BF4B-00C04F79EFBC}") = "PartialClasses", "PartialClasses\PartialClasses.csproj", "{41DBBAB1-99C6-4A96-B3F0-83A9D0B40970}"
EndProject
Global
	GlobalSection(SolutionConfigurationPlatforms) = preSolution
		Debug|Any CPU = Debug|Any CPU
		Release|Any CPU = Release|Any CPU
	EndGlobalSection
	GlobalSection(ProjectConfigurationPlatforms) = postSolution
		{41DBBAB1-99C6-4A96-B3F0-83A9D0B40970}.Debug|Any CPU.ActiveCfg = Debug|Any CPU
		{41DBBAB1-99C6-4A96-B3F0-83A9D0B40970}.Debug|Any CPU.Build.0 = Debug|Any CPU
		{41DBBAB1-99C6-4A96-B3F0-83A9D0B40970}.Release|Any CPU.ActiveCfg = Release|Any CPU
		{41DBBAB1-99C6-4A96-B3F0-83A9D0B40970}.Release|Any CPU.Build.0 = Release|Any CPU
	EndGlobalSection
	GlobalSection(SolutionProperties) = preSolution
		HideSolutionNode = FALSE
	EndGlobalSection
	GlobalSection(ExtensibilityGlobals) = postSolution
		SolutionGuid = {C54341C4-0061-4E54-890A-BE1AC9EB408D}
	EndGlobalSection
EndGlobal
