
Microsoft Visual Studio Solution File, Format Version 12.00
# Visual Studio Version 16
VisualStudioVersion = 16.0.30503.244
MinimumVisualStudioVersion = 10.0.40219.1
Project("{FAE04EC0-301F-11D3-BF4B-00C04F79EFBC}") = "Classes", "Classes\Classes.csproj", "{FE0BAF9C-3D60-482B-910B-2B0BE51870AA}"
EndProject
Global
	GlobalSection(SolutionConfigurationPlatforms) = preSolution
		Debug|Any CPU = Debug|Any CPU
		Release|Any CPU = Release|Any CPU
	EndGlobalSection
	GlobalSection(ProjectConfigurationPlatforms) = postSolution
		{FE0BAF9C-3D60-482B-910B-2B0BE51870AA}.Debug|Any CPU.ActiveCfg = Debug|Any CPU
		{FE0BAF9C-3D60-482B-910B-2B0BE51870AA}.Debug|Any CPU.Build.0 = Debug|Any CPU
		{FE0BAF9C-3D60-482B-910B-2B0BE51870AA}.Release|Any CPU.ActiveCfg = Release|Any CPU
		{FE0BAF9C-3D60-482B-910B-2B0BE51870AA}.Release|Any CPU.Build.0 = Release|Any CPU
	EndGlobalSection
	GlobalSection(SolutionProperties) = preSolution
		HideSolutionNode = FALSE
	EndGlobalSection
	GlobalSection(ExtensibilityGlobals) = postSolution
		SolutionGuid = {DF59AD7F-7FD3-4161-A0AA-C104DDAB67AE}
	EndGlobalSection
EndGlobal
