
Microsoft Visual Studio Solution File, Format Version 12.00
# Visual Studio Version 16
VisualStudioVersion = 16.0.30503.244
MinimumVisualStudioVersion = 10.0.40219.1
Project("{FAE04EC0-301F-11D3-BF4B-00C04F79EFBC}") = "Abstraction", "Abstraction\Abstraction.csproj", "{E4302641-86CC-4E98-9CE8-FC3C8B56BC91}"
EndProject
Global
	GlobalSection(SolutionConfigurationPlatforms) = preSolution
		Debug|Any CPU = Debug|Any CPU
		Release|Any CPU = Release|Any CPU
	EndGlobalSection
	GlobalSection(ProjectConfigurationPlatforms) = postSolution
		{E4302641-86CC-4E98-9CE8-FC3C8B56BC91}.Debug|Any CPU.ActiveCfg = Debug|Any CPU
		{E4302641-86CC-4E98-9CE8-FC3C8B56BC91}.Debug|Any CPU.Build.0 = Debug|Any CPU
		{E4302641-86CC-4E98-9CE8-FC3C8B56BC91}.Release|Any CPU.ActiveCfg = Release|Any CPU
		{E4302641-86CC-4E98-9CE8-FC3C8B56BC91}.Release|Any CPU.Build.0 = Release|Any CPU
	EndGlobalSection
	GlobalSection(SolutionProperties) = preSolution
		HideSolutionNode = FALSE
	EndGlobalSection
	GlobalSection(ExtensibilityGlobals) = postSolution
		SolutionGuid = {1A611562-CE82-459A-8037-94C6D41BACF9}
	EndGlobalSection
EndGlobal
