
Microsoft Visual Studio Solution File, Format Version 12.00
# Visual Studio Version 16
VisualStudioVersion = 16.0.30717.126
MinimumVisualStudioVersion = 10.0.40219.1
Project("{FAE04EC0-301F-11D3-BF4B-00C04F79EFBC}") = "RecursionFolders", "RecursionFolders\RecursionFolders.csproj", "{14269FE1-3822-4AD7-842C-360A5E5EA82F}"
EndProject
Global
	GlobalSection(SolutionConfigurationPlatforms) = preSolution
		Debug|Any CPU = Debug|Any CPU
		Release|Any CPU = Release|Any CPU
	EndGlobalSection
	GlobalSection(ProjectConfigurationPlatforms) = postSolution
		{14269FE1-3822-4AD7-842C-360A5E5EA82F}.Debug|Any CPU.ActiveCfg = Debug|Any CPU
		{14269FE1-3822-4AD7-842C-360A5E5EA82F}.Debug|Any CPU.Build.0 = Debug|Any CPU
		{14269FE1-3822-4AD7-842C-360A5E5EA82F}.Release|Any CPU.ActiveCfg = Release|Any CPU
		{14269FE1-3822-4AD7-842C-360A5E5EA82F}.Release|Any CPU.Build.0 = Release|Any CPU
	EndGlobalSection
	GlobalSection(SolutionProperties) = preSolution
		HideSolutionNode = FALSE
	EndGlobalSection
	GlobalSection(ExtensibilityGlobals) = postSolution
		SolutionGuid = {98D2AC40-4C0B-4123-8C9B-5B4551EEBA33}
	EndGlobalSection
EndGlobal
