
Microsoft Visual Studio Solution File, Format Version 12.00
# Visual Studio 15
VisualStudioVersion = 15.0.27004.2005
MinimumVisualStudioVersion = 10.0.40219.1
Project("{FAE04EC0-301F-11D3-BF4B-00C04F79EFBC}") = "MulticastDelegate", "MulticastDelegate\MulticastDelegate.csproj", "{0CC277B0-2800-43E8-B29F-936E6811C29D}"
EndProject
Global
	GlobalSection(SolutionConfigurationPlatforms) = preSolution
		Debug|Any CPU = Debug|Any CPU
		Release|Any CPU = Release|Any CPU
	EndGlobalSection
	GlobalSection(ProjectConfigurationPlatforms) = postSolution
		{0CC277B0-2800-43E8-B29F-936E6811C29D}.Debug|Any CPU.ActiveCfg = Debug|Any CPU
		{0CC277B0-2800-43E8-B29F-936E6811C29D}.Debug|Any CPU.Build.0 = Debug|Any CPU
		{0CC277B0-2800-43E8-B29F-936E6811C29D}.Release|Any CPU.ActiveCfg = Release|Any CPU
		{0CC277B0-2800-43E8-B29F-936E6811C29D}.Release|Any CPU.Build.0 = Release|Any CPU
	EndGlobalSection
	GlobalSection(SolutionProperties) = preSolution
		HideSolutionNode = FALSE
	EndGlobalSection
	GlobalSection(ExtensibilityGlobals) = postSolution
		SolutionGuid = {8D3161E4-2ADA-44CA-B7FF-FD455FB1FD3F}
	EndGlobalSection
EndGlobal
