
Microsoft Visual Studio Solution File, Format Version 12.00
# Visual Studio Version 16
VisualStudioVersion = 16.0.30503.244
MinimumVisualStudioVersion = 10.0.40219.1
Project("{FAE04EC0-301F-11D3-BF4B-00C04F79EFBC}") = "MethodsPart4", "MethodsPart4\MethodsPart4.csproj", "{53B15CAB-1977-475A-8E96-39451C407EB9}"
EndProject
Global
	GlobalSection(SolutionConfigurationPlatforms) = preSolution
		Debug|Any CPU = Debug|Any CPU
		Release|Any CPU = Release|Any CPU
	EndGlobalSection
	GlobalSection(ProjectConfigurationPlatforms) = postSolution
		{53B15CAB-1977-475A-8E96-39451C407EB9}.Debug|Any CPU.ActiveCfg = Debug|Any CPU
		{53B15CAB-1977-475A-8E96-39451C407EB9}.Debug|Any CPU.Build.0 = Debug|Any CPU
		{53B15CAB-1977-475A-8E96-39451C407EB9}.Release|Any CPU.ActiveCfg = Release|Any CPU
		{53B15CAB-1977-475A-8E96-39451C407EB9}.Release|Any CPU.Build.0 = Release|Any CPU
	EndGlobalSection
	GlobalSection(SolutionProperties) = preSolution
		HideSolutionNode = FALSE
	EndGlobalSection
	GlobalSection(ExtensibilityGlobals) = postSolution
		SolutionGuid = {DD7DFEBC-F938-468D-AA10-A6F7523D4A29}
	EndGlobalSection
EndGlobal
