
Microsoft Visual Studio Solution File, Format Version 12.00
# Visual Studio Version 16
VisualStudioVersion = 16.0.30503.244
MinimumVisualStudioVersion = 10.0.40219.1
Project("{FAE04EC0-301F-11D3-BF4B-00C04F79EFBC}") = "CeaserCipher", "CeaserCipher\CeaserCipher.csproj", "{095599B1-66D7-41E3-A6C8-5328AE054BAB}"
EndProject
Global
	GlobalSection(SolutionConfigurationPlatforms) = preSolution
		Debug|Any CPU = Debug|Any CPU
		Release|Any CPU = Release|Any CPU
	EndGlobalSection
	GlobalSection(ProjectConfigurationPlatforms) = postSolution
		{095599B1-66D7-41E3-A6C8-5328AE054BAB}.Debug|Any CPU.ActiveCfg = Debug|Any CPU
		{095599B1-66D7-41E3-A6C8-5328AE054BAB}.Debug|Any CPU.Build.0 = Debug|Any CPU
		{095599B1-66D7-41E3-A6C8-5328AE054BAB}.Release|Any CPU.ActiveCfg = Release|Any CPU
		{095599B1-66D7-41E3-A6C8-5328AE054BAB}.Release|Any CPU.Build.0 = Release|Any CPU
	EndGlobalSection
	GlobalSection(SolutionProperties) = preSolution
		HideSolutionNode = FALSE
	EndGlobalSection
	GlobalSection(ExtensibilityGlobals) = postSolution
		SolutionGuid = {CB0E40C2-300F-4250-9130-CB6E2B5A8E11}
	EndGlobalSection
EndGlobal
