
Microsoft Visual Studio Solution File, Format Version 12.00
# Visual Studio Version 16
VisualStudioVersion = 16.0.30503.244
MinimumVisualStudioVersion = 10.0.40219.1
Project("{FAE04EC0-301F-11D3-BF4B-00C04F79EFBC}") = "Assignment 9", "Assignment 9\Assignment 9.csproj", "{32CBBE6A-7314-4DC0-BBBC-212C179360AA}"
EndProject
Global
	GlobalSection(SolutionConfigurationPlatforms) = preSolution
		Debug|Any CPU = Debug|Any CPU
		Release|Any CPU = Release|Any CPU
	EndGlobalSection
	GlobalSection(ProjectConfigurationPlatforms) = postSolution
		{32CBBE6A-7314-4DC0-BBBC-212C179360AA}.Debug|Any CPU.ActiveCfg = Debug|Any CPU
		{32CBBE6A-7314-4DC0-BBBC-212C179360AA}.Debug|Any CPU.Build.0 = Debug|Any CPU
		{32CBBE6A-7314-4DC0-BBBC-212C179360AA}.Release|Any CPU.ActiveCfg = Release|Any CPU
		{32CBBE6A-7314-4DC0-BBBC-212C179360AA}.Release|Any CPU.Build.0 = Release|Any CPU
	EndGlobalSection
	GlobalSection(SolutionProperties) = preSolution
		HideSolutionNode = FALSE
	EndGlobalSection
	GlobalSection(ExtensibilityGlobals) = postSolution
		SolutionGuid = {5101F76E-A5E9-47BE-80D6-9E4EEFB11C3B}
	EndGlobalSection
EndGlobal
