
Microsoft Visual Studio Solution File, Format Version 12.00
# Visual Studio Version 16
VisualStudioVersion = 16.0.30503.244
MinimumVisualStudioVersion = 10.0.40219.1
Project("{FAE04EC0-301F-11D3-BF4B-00C04F79EFBC}") = "ArrayListApp", "ArrayListApp\ArrayListApp.csproj", "{29DD3125-AEF4-43C5-AA6C-68A1665A130E}"
EndProject
Global
	GlobalSection(SolutionConfigurationPlatforms) = preSolution
		Debug|Any CPU = Debug|Any CPU
		Release|Any CPU = Release|Any CPU
	EndGlobalSection
	GlobalSection(ProjectConfigurationPlatforms) = postSolution
		{29DD3125-AEF4-43C5-AA6C-68A1665A130E}.Debug|Any CPU.ActiveCfg = Debug|Any CPU
		{29DD3125-AEF4-43C5-AA6C-68A1665A130E}.Debug|Any CPU.Build.0 = Debug|Any CPU
		{29DD3125-AEF4-43C5-AA6C-68A1665A130E}.Release|Any CPU.ActiveCfg = Release|Any CPU
		{29DD3125-AEF4-43C5-AA6C-68A1665A130E}.Release|Any CPU.Build.0 = Release|Any CPU
	EndGlobalSection
	GlobalSection(SolutionProperties) = preSolution
		HideSolutionNode = FALSE
	EndGlobalSection
	GlobalSection(ExtensibilityGlobals) = postSolution
		SolutionGuid = {5F02F771-0A57-4FEF-9E9F-AA3EF2A7BBC5}
	EndGlobalSection
EndGlobal
