
Microsoft Visual Studio Solution File, Format Version 12.00
# Visual Studio Version 16
VisualStudioVersion = 16.0.30717.126
MinimumVisualStudioVersion = 10.0.40219.1
Project("{FAE04EC0-301F-11D3-BF4B-00C04F79EFBC}") = "Assignment 16", "Assignment 16\Assignment 16.csproj", "{7EBBBF05-C7CC-4943-B1B6-840DBDC4CD15}"
EndProject
Global
	GlobalSection(SolutionConfigurationPlatforms) = preSolution
		Debug|Any CPU = Debug|Any CPU
		Release|Any CPU = Release|Any CPU
	EndGlobalSection
	GlobalSection(ProjectConfigurationPlatforms) = postSolution
		{7EBBBF05-C7CC-4943-B1B6-840DBDC4CD15}.Debug|Any CPU.ActiveCfg = Debug|Any CPU
		{7EBBBF05-C7CC-4943-B1B6-840DBDC4CD15}.Debug|Any CPU.Build.0 = Debug|Any CPU
		{7EBBBF05-C7CC-4943-B1B6-840DBDC4CD15}.Release|Any CPU.ActiveCfg = Release|Any CPU
		{7EBBBF05-C7CC-4943-B1B6-840DBDC4CD15}.Release|Any CPU.Build.0 = Release|Any CPU
	EndGlobalSection
	GlobalSection(SolutionProperties) = preSolution
		HideSolutionNode = FALSE
	EndGlobalSection
	GlobalSection(ExtensibilityGlobals) = postSolution
		SolutionGuid = {ED363EEF-1D97-46CD-A740-DDF1596B0FC3}
	EndGlobalSection
EndGlobal
